
Microsoft Visual Studio Solution File, Format Version 12.00
# Visual Studio Version 16
VisualStudioVersion = 16.0.33130.400
MinimumVisualStudioVersion = 10.0.40219.1
Project("{FAE04EC0-301F-11D3-BF4B-00C04F79EFBC}") = "PropGateKeeper", "PropGateKeeper\PropGateKeeper.csproj", "{EF484870-5814-4D64-B091-AAA727253757}"
EndProject
Global
	GlobalSection(SolutionConfigurationPlatforms) = preSolution
		Debug|Any CPU = Debug|Any CPU
		Release|Any CPU = Release|Any CPU
	EndGlobalSection
	GlobalSection(ProjectConfigurationPlatforms) = postSolution
		{EF484870-5814-4D64-B091-AAA727253757}.Debug|Any CPU.ActiveCfg = Debug|Any CPU
		{EF484870-5814-4D64-B091-AAA727253757}.Debug|Any CPU.Build.0 = Debug|Any CPU
		{EF484870-5814-4D64-B091-AAA727253757}.Release|Any CPU.ActiveCfg = Release|Any CPU
		{EF484870-5814-4D64-B091-AAA727253757}.Release|Any CPU.Build.0 = Release|Any CPU
	EndGlobalSection
	GlobalSection(SolutionProperties) = preSolution
		HideSolutionNode = FALSE
	EndGlobalSection
	GlobalSection(ExtensibilityGlobals) = postSolution
		SolutionGuid = {C65B9BAE-7377-4852-843A-30E9D508E19D}
	EndGlobalSection
EndGlobal
